// !$*UTF8*$!
{
	archiveVersion = 1;
	classes = {
	};
	objectVersion = 55;
	objects = {

/* Begin PBXBuildFile section */
		4A0612CA2809D0BB001AE9CB /* AppDelegate.swift in Sources */ = {isa = PBXBuildFile; fileRef = 4A0612C92809D0BB001AE9CB /* AppDelegate.swift */; };
		4A0612CC2809D0BB001AE9CB /* SceneDelegate.swift in Sources */ = {isa = PBXBuildFile; fileRef = 4A0612CB2809D0BB001AE9CB /* SceneDelegate.swift */; };
		4A0612D12809D0BB001AE9CB /* Main.storyboard in Resources */ = {isa = PBXBuildFile; fileRef = 4A0612CF2809D0BB001AE9CB /* Main.storyboard */; };
		4A0612D32809D0BF001AE9CB /* Assets.xcassets in Resources */ = {isa = PBXBuildFile; fileRef = 4A0612D22809D0BF001AE9CB /* Assets.xcassets */; };
		4A0612D62809D0BF001AE9CB /* LaunchScreen.storyboard in Resources */ = {isa = PBXBuildFile; fileRef = 4A0612D42809D0BF001AE9CB /* LaunchScreen.storyboard */; };
		4A0612E52809D2BD001AE9CB /* MainViewController.swift in Sources */ = {isa = PBXBuildFile; fileRef = 4A0612E02809D2BD001AE9CB /* MainViewController.swift */; };
		4A9D0097280D6F7200A7A778 /* FilterViewController.swift in Sources */ = {isa = PBXBuildFile; fileRef = 4A9D0096280D6F7200A7A778 /* FilterViewController.swift */; };
		4A9D00A1280F10D300A7A778 /* SortedViewController.swift in Sources */ = {isa = PBXBuildFile; fileRef = 4A9D00A0280F10D300A7A778 /* SortedViewController.swift */; };
		4A9D00A7280F255000A7A778 /* FilterTableViewCell.swift in Sources */ = {isa = PBXBuildFile; fileRef = 4A9D00A6280F255000A7A778 /* FilterTableViewCell.swift */; };
		4AE22BC8283FB6C100FAD204 /* SplashViewController.swift in Sources */ = {isa = PBXBuildFile; fileRef = 4AE22BC7283FB6C100FAD204 /* SplashViewController.swift */; };
		B3055FF728306B8100B185E0 /* NetworkManager.swift in Sources */ = {isa = PBXBuildFile; fileRef = B3055FF628306B8000B185E0 /* NetworkManager.swift */; };
		B3055FF928306D6500B185E0 /* FileManager.swift in Sources */ = {isa = PBXBuildFile; fileRef = B3055FF828306D6500B185E0 /* FileManager.swift */; };
		B3055FFB2830775B00B185E0 /* AlertManager.swift in Sources */ = {isa = PBXBuildFile; fileRef = B3055FFA2830775B00B185E0 /* AlertManager.swift */; };
		B305A23C280EF0A700289466 /* PairTableViewCell.swift in Sources */ = {isa = PBXBuildFile; fileRef = B305A23B280EF0A700289466 /* PairTableViewCell.swift */; };
		B30655532904AF94005DFB4C /* loadIndicator.swift in Sources */ = {isa = PBXBuildFile; fileRef = B30655522904AF94005DFB4C /* loadIndicator.swift */; };
		B328748F28316FDB00DBBC2C /* PairsModel.swift in Sources */ = {isa = PBXBuildFile; fileRef = B328748E28316FDB00DBBC2C /* PairsModel.swift */; };
		B3287491283175A500DBBC2C /* PairsPresenter.swift in Sources */ = {isa = PBXBuildFile; fileRef = B3287490283175A500DBBC2C /* PairsPresenter.swift */; };
		B3EF4302284502D1006F789E /* GoogleService-Info.plist in Resources */ = {isa = PBXBuildFile; fileRef = B3EF4301284502D1006F789E /* GoogleService-Info.plist */; };
		C2E56F646F524F8EF3AADE51 /* Pods_Botalki.framework in Frameworks */ = {isa = PBXBuildFile; fileRef = 96071A77C08ACAA2452C1FF3 /* Pods_Botalki.framework */; };
/* End PBXBuildFile section */

/* Begin PBXFileReference section */
		4A0612C62809D0BB001AE9CB /* Botalki.app */ = {isa = PBXFileReference; explicitFileType = wrapper.application; includeInIndex = 0; path = Botalki.app; sourceTree = BUILT_PRODUCTS_DIR; };
		4A0612C92809D0BB001AE9CB /* AppDelegate.swift */ = {isa = PBXFileReference; lastKnownFileType = sourcecode.swift; path = AppDelegate.swift; sourceTree = "<group>"; };
		4A0612CB2809D0BB001AE9CB /* SceneDelegate.swift */ = {isa = PBXFileReference; lastKnownFileType = sourcecode.swift; path = SceneDelegate.swift; sourceTree = "<group>"; };
		4A0612D02809D0BB001AE9CB /* Base */ = {isa = PBXFileReference; lastKnownFileType = file.storyboard; name = Base; path = Base.lproj/Main.storyboard; sourceTree = "<group>"; };
		4A0612D22809D0BF001AE9CB /* Assets.xcassets */ = {isa = PBXFileReference; lastKnownFileType = folder.assetcatalog; path = Assets.xcassets; sourceTree = "<group>"; };
		4A0612D52809D0BF001AE9CB /* Base */ = {isa = PBXFileReference; lastKnownFileType = file.storyboard; name = Base; path = Base.lproj/LaunchScreen.storyboard; sourceTree = "<group>"; };
		4A0612D72809D0BF001AE9CB /* Info.plist */ = {isa = PBXFileReference; lastKnownFileType = text.plist.xml; path = Info.plist; sourceTree = "<group>"; };
		4A0612E02809D2BD001AE9CB /* MainViewController.swift */ = {isa = PBXFileReference; fileEncoding = 4; lastKnownFileType = sourcecode.swift; path = MainViewController.swift; sourceTree = "<group>"; };
		4A9D0096280D6F7200A7A778 /* FilterViewController.swift */ = {isa = PBXFileReference; fileEncoding = 4; lastKnownFileType = sourcecode.swift; path = FilterViewController.swift; sourceTree = "<group>"; };
		4A9D00A0280F10D300A7A778 /* SortedViewController.swift */ = {isa = PBXFileReference; fileEncoding = 4; lastKnownFileType = sourcecode.swift; path = SortedViewController.swift; sourceTree = "<group>"; };
		4A9D00A6280F255000A7A778 /* FilterTableViewCell.swift */ = {isa = PBXFileReference; fileEncoding = 4; lastKnownFileType = sourcecode.swift; path = FilterTableViewCell.swift; sourceTree = "<group>"; };
		4AE22BC7283FB6C100FAD204 /* SplashViewController.swift */ = {isa = PBXFileReference; fileEncoding = 4; lastKnownFileType = sourcecode.swift; path = SplashViewController.swift; sourceTree = "<group>"; };
		7E087B526912455571B03B26 /* Pods-Botalki.release.xcconfig */ = {isa = PBXFileReference; includeInIndex = 1; lastKnownFileType = text.xcconfig; name = "Pods-Botalki.release.xcconfig"; path = "Target Support Files/Pods-Botalki/Pods-Botalki.release.xcconfig"; sourceTree = "<group>"; };
		96071A77C08ACAA2452C1FF3 /* Pods_Botalki.framework */ = {isa = PBXFileReference; explicitFileType = wrapper.framework; includeInIndex = 0; path = Pods_Botalki.framework; sourceTree = BUILT_PRODUCTS_DIR; };
		9DE250B71E378140F27B322F /* Pods-Botalki.debug.xcconfig */ = {isa = PBXFileReference; includeInIndex = 1; lastKnownFileType = text.xcconfig; name = "Pods-Botalki.debug.xcconfig"; path = "Target Support Files/Pods-Botalki/Pods-Botalki.debug.xcconfig"; sourceTree = "<group>"; };
		B3055FF628306B8000B185E0 /* NetworkManager.swift */ = {isa = PBXFileReference; lastKnownFileType = sourcecode.swift; path = NetworkManager.swift; sourceTree = "<group>"; };
		B3055FF828306D6500B185E0 /* FileManager.swift */ = {isa = PBXFileReference; lastKnownFileType = sourcecode.swift; path = FileManager.swift; sourceTree = "<group>"; };
		B3055FFA2830775B00B185E0 /* AlertManager.swift */ = {isa = PBXFileReference; lastKnownFileType = sourcecode.swift; path = AlertManager.swift; sourceTree = "<group>"; };
		B305A23B280EF0A700289466 /* PairTableViewCell.swift */ = {isa = PBXFileReference; fileEncoding = 4; lastKnownFileType = sourcecode.swift; path = PairTableViewCell.swift; sourceTree = "<group>"; };
		B30655522904AF94005DFB4C /* loadIndicator.swift */ = {isa = PBXFileReference; lastKnownFileType = sourcecode.swift; path = loadIndicator.swift; sourceTree = "<group>"; };
		B328748E28316FDB00DBBC2C /* PairsModel.swift */ = {isa = PBXFileReference; lastKnownFileType = sourcecode.swift; path = PairsModel.swift; sourceTree = "<group>"; };
		B3287490283175A500DBBC2C /* PairsPresenter.swift */ = {isa = PBXFileReference; lastKnownFileType = sourcecode.swift; path = PairsPresenter.swift; sourceTree = "<group>"; };
		B3CD3BBE2890765500A076D3 /* Botalki.entitlements */ = {isa = PBXFileReference; lastKnownFileType = text.plist.entitlements; path = Botalki.entitlements; sourceTree = "<group>"; };
		B3EF4301284502D1006F789E /* GoogleService-Info.plist */ = {isa = PBXFileReference; fileEncoding = 4; lastKnownFileType = text.plist.xml; path = "GoogleService-Info.plist"; sourceTree = "<group>"; };
/* End PBXFileReference section */

/* Begin PBXFrameworksBuildPhase section */
		4A0612C32809D0BB001AE9CB /* Frameworks */ = {
			isa = PBXFrameworksBuildPhase;
			buildActionMask = 2147483647;
			files = (
				C2E56F646F524F8EF3AADE51 /* Pods_Botalki.framework in Frameworks */,
			);
			runOnlyForDeploymentPostprocessing = 0;
		};
/* End PBXFrameworksBuildPhase section */

/* Begin PBXGroup section */
		285B571F48C3C14F4C534F75 /* Pods */ = {
			isa = PBXGroup;
			children = (
				9DE250B71E378140F27B322F /* Pods-Botalki.debug.xcconfig */,
				7E087B526912455571B03B26 /* Pods-Botalki.release.xcconfig */,
			);
			path = Pods;
			sourceTree = "<group>";
		};
		4A0612BD2809D0BB001AE9CB = {
			isa = PBXGroup;
			children = (
				4A0612C82809D0BB001AE9CB /* Botalki */,
				4A0612C72809D0BB001AE9CB /* Products */,
				285B571F48C3C14F4C534F75 /* Pods */,
				B422EE3150F22BDF38121AB0 /* Frameworks */,
			);
			sourceTree = "<group>";
		};
		4A0612C72809D0BB001AE9CB /* Products */ = {
			isa = PBXGroup;
			children = (
				4A0612C62809D0BB001AE9CB /* Botalki.app */,
			);
			name = Products;
			sourceTree = "<group>";
		};
		4A0612C82809D0BB001AE9CB /* Botalki */ = {
			isa = PBXGroup;
			children = (
				B3CD3BBE2890765500A076D3 /* Botalki.entitlements */,
				B3EF4301284502D1006F789E /* GoogleService-Info.plist */,
				4AE22BC7283FB6C100FAD204 /* SplashViewController.swift */,
				B3987C752836BB310079E871 /* managers */,
				4A9D00A6280F255000A7A778 /* FilterTableViewCell.swift */,
				4A9D00A0280F10D300A7A778 /* SortedViewController.swift */,
				B305A23B280EF0A700289466 /* PairTableViewCell.swift */,
				4A9D0096280D6F7200A7A778 /* FilterViewController.swift */,
				4A0612E02809D2BD001AE9CB /* MainViewController.swift */,
				4A0612C92809D0BB001AE9CB /* AppDelegate.swift */,
				4A0612CB2809D0BB001AE9CB /* SceneDelegate.swift */,
				4A0612CF2809D0BB001AE9CB /* Main.storyboard */,
				4A0612D22809D0BF001AE9CB /* Assets.xcassets */,
				4A0612D42809D0BF001AE9CB /* LaunchScreen.storyboard */,
				4A0612D72809D0BF001AE9CB /* Info.plist */,
				B328748E28316FDB00DBBC2C /* PairsModel.swift */,
				B3287490283175A500DBBC2C /* PairsPresenter.swift */,
				B30655522904AF94005DFB4C /* loadIndicator.swift */,
			);
			path = Botalki;
			sourceTree = "<group>";
		};
		B3987C752836BB310079E871 /* managers */ = {
			isa = PBXGroup;
			children = (
				B3055FF628306B8000B185E0 /* NetworkManager.swift */,
				B3055FF828306D6500B185E0 /* FileManager.swift */,
				B3055FFA2830775B00B185E0 /* AlertManager.swift */,
			);
			path = managers;
			sourceTree = "<group>";
		};
		B422EE3150F22BDF38121AB0 /* Frameworks */ = {
			isa = PBXGroup;
			children = (
				96071A77C08ACAA2452C1FF3 /* Pods_Botalki.framework */,
			);
			name = Frameworks;
			sourceTree = "<group>";
		};
/* End PBXGroup section */

/* Begin PBXNativeTarget section */
		4A0612C52809D0BB001AE9CB /* Botalki */ = {
			isa = PBXNativeTarget;
			buildConfigurationList = 4A0612DA2809D0BF001AE9CB /* Build configuration list for PBXNativeTarget "Botalki" */;
			buildPhases = (
				4B8939D1E6D3A3E6FFCF8877 /* [CP] Check Pods Manifest.lock */,
				4A0612C22809D0BB001AE9CB /* Sources */,
				4A0612C32809D0BB001AE9CB /* Frameworks */,
				4A0612C42809D0BB001AE9CB /* Resources */,
				042B5C8CF75C971AEDBBC35F /* [CP] Embed Pods Frameworks */,
			);
			buildRules = (
			);
			dependencies = (
			);
			name = Botalki;
			productName = Botalki;
			productReference = 4A0612C62809D0BB001AE9CB /* Botalki.app */;
			productType = "com.apple.product-type.application";
		};
/* End PBXNativeTarget section */

/* Begin PBXProject section */
		4A0612BE2809D0BB001AE9CB /* Project object */ = {
			isa = PBXProject;
			attributes = {
				BuildIndependentTargetsInParallel = 1;
				LastSwiftUpdateCheck = 1320;
				LastUpgradeCheck = 1320;
				TargetAttributes = {
					4A0612C52809D0BB001AE9CB = {
						CreatedOnToolsVersion = 13.2.1;
					};
				};
			};
			buildConfigurationList = 4A0612C12809D0BB001AE9CB /* Build configuration list for PBXProject "Botalki" */;
			compatibilityVersion = "Xcode 13.0";
			developmentRegion = en;
			hasScannedForEncodings = 0;
			knownRegions = (
				en,
				Base,
			);
			mainGroup = 4A0612BD2809D0BB001AE9CB;
			productRefGroup = 4A0612C72809D0BB001AE9CB /* Products */;
			projectDirPath = "";
			projectRoot = "";
			targets = (
				4A0612C52809D0BB001AE9CB /* Botalki */,
			);
		};
/* End PBXProject section */

/* Begin PBXResourcesBuildPhase section */
		4A0612C42809D0BB001AE9CB /* Resources */ = {
			isa = PBXResourcesBuildPhase;
			buildActionMask = 2147483647;
			files = (
				4A0612D62809D0BF001AE9CB /* LaunchScreen.storyboard in Resources */,
				B3EF4302284502D1006F789E /* GoogleService-Info.plist in Resources */,
				4A0612D32809D0BF001AE9CB /* Assets.xcassets in Resources */,
				4A0612D12809D0BB001AE9CB /* Main.storyboard in Resources */,
			);
			runOnlyForDeploymentPostprocessing = 0;
		};
/* End PBXResourcesBuildPhase section */

/* Begin PBXShellScriptBuildPhase section */
		042B5C8CF75C971AEDBBC35F /* [CP] Embed Pods Frameworks */ = {
			isa = PBXShellScriptBuildPhase;
			buildActionMask = 2147483647;
			files = (
			);
			inputFileListPaths = (
				"${PODS_ROOT}/Target Support Files/Pods-Botalki/Pods-Botalki-frameworks-${CONFIGURATION}-input-files.xcfilelist",
			);
			name = "[CP] Embed Pods Frameworks";
			outputFileListPaths = (
				"${PODS_ROOT}/Target Support Files/Pods-Botalki/Pods-Botalki-frameworks-${CONFIGURATION}-output-files.xcfilelist",
			);
			runOnlyForDeploymentPostprocessing = 0;
			shellPath = /bin/sh;
			shellScript = "\"${PODS_ROOT}/Target Support Files/Pods-Botalki/Pods-Botalki-frameworks.sh\"\n";
			showEnvVarsInLog = 0;
		};
		4B8939D1E6D3A3E6FFCF8877 /* [CP] Check Pods Manifest.lock */ = {
			isa = PBXShellScriptBuildPhase;
			buildActionMask = 2147483647;
			files = (
			);
			inputFileListPaths = (
			);
			inputPaths = (
				"${PODS_PODFILE_DIR_PATH}/Podfile.lock",
				"${PODS_ROOT}/Manifest.lock",
			);
			name = "[CP] Check Pods Manifest.lock";
			outputFileListPaths = (
			);
			outputPaths = (
				"$(DERIVED_FILE_DIR)/Pods-Botalki-checkManifestLockResult.txt",
			);
			runOnlyForDeploymentPostprocessing = 0;
			shellPath = /bin/sh;
			shellScript = "diff \"${PODS_PODFILE_DIR_PATH}/Podfile.lock\" \"${PODS_ROOT}/Manifest.lock\" > /dev/null\nif [ $? != 0 ] ; then\n    # print error to STDERR\n    echo \"error: The sandbox is not in sync with the Podfile.lock. Run 'pod install' or update your CocoaPods installation.\" >&2\n    exit 1\nfi\n# This output is used by Xcode 'outputs' to avoid re-running this script phase.\necho \"SUCCESS\" > \"${SCRIPT_OUTPUT_FILE_0}\"\n";
			showEnvVarsInLog = 0;
		};
/* End PBXShellScriptBuildPhase section */

/* Begin PBXSourcesBuildPhase section */
		4A0612C22809D0BB001AE9CB /* Sources */ = {
			isa = PBXSourcesBuildPhase;
			buildActionMask = 2147483647;
			files = (
				4A9D00A7280F255000A7A778 /* FilterTableViewCell.swift in Sources */,
				4A9D0097280D6F7200A7A778 /* FilterViewController.swift in Sources */,
				B3287491283175A500DBBC2C /* PairsPresenter.swift in Sources */,
				B328748F28316FDB00DBBC2C /* PairsModel.swift in Sources */,
				B3055FF728306B8100B185E0 /* NetworkManager.swift in Sources */,
				B30655532904AF94005DFB4C /* loadIndicator.swift in Sources */,
				4A0612E52809D2BD001AE9CB /* MainViewController.swift in Sources */,
				4AE22BC8283FB6C100FAD204 /* SplashViewController.swift in Sources */,
				4A0612CA2809D0BB001AE9CB /* AppDelegate.swift in Sources */,
				4A0612CC2809D0BB001AE9CB /* SceneDelegate.swift in Sources */,
				B3055FF928306D6500B185E0 /* FileManager.swift in Sources */,
				4A9D00A1280F10D300A7A778 /* SortedViewController.swift in Sources */,
				B305A23C280EF0A700289466 /* PairTableViewCell.swift in Sources */,
				B3055FFB2830775B00B185E0 /* AlertManager.swift in Sources */,
			);
			runOnlyForDeploymentPostprocessing = 0;
		};
/* End PBXSourcesBuildPhase section */

/* Begin PBXVariantGroup section */
		4A0612CF2809D0BB001AE9CB /* Main.storyboard */ = {
			isa = PBXVariantGroup;
			children = (
				4A0612D02809D0BB001AE9CB /* Base */,
			);
			name = Main.storyboard;
			sourceTree = "<group>";
		};
		4A0612D42809D0BF001AE9CB /* LaunchScreen.storyboard */ = {
			isa = PBXVariantGroup;
			children = (
				4A0612D52809D0BF001AE9CB /* Base */,
			);
			name = LaunchScreen.storyboard;
			sourceTree = "<group>";
		};
/* End PBXVariantGroup section */

/* Begin XCBuildConfiguration section */
		4A0612D82809D0BF001AE9CB /* Debug */ = {
			isa = XCBuildConfiguration;
			buildSettings = {
				ALWAYS_SEARCH_USER_PATHS = NO;
				CLANG_ANALYZER_NONNULL = YES;
				CLANG_ANALYZER_NUMBER_OBJECT_CONVERSION = YES_AGGRESSIVE;
				CLANG_CXX_LANGUAGE_STANDARD = "gnu++17";
				CLANG_CXX_LIBRARY = "libc++";
				CLANG_ENABLE_MODULES = YES;
				CLANG_ENABLE_OBJC_ARC = YES;
				CLANG_ENABLE_OBJC_WEAK = YES;
				CLANG_WARN_BLOCK_CAPTURE_AUTORELEASING = YES;
				CLANG_WARN_BOOL_CONVERSION = YES;
				CLANG_WARN_COMMA = YES;
				CLANG_WARN_CONSTANT_CONVERSION = YES;
				CLANG_WARN_DEPRECATED_OBJC_IMPLEMENTATIONS = YES;
				CLANG_WARN_DIRECT_OBJC_ISA_USAGE = YES_ERROR;
				CLANG_WARN_DOCUMENTATION_COMMENTS = YES;
				CLANG_WARN_EMPTY_BODY = YES;
				CLANG_WARN_ENUM_CONVERSION = YES;
				CLANG_WARN_INFINITE_RECURSION = YES;
				CLANG_WARN_INT_CONVERSION = YES;
				CLANG_WARN_NON_LITERAL_NULL_CONVERSION = YES;
				CLANG_WARN_OBJC_IMPLICIT_RETAIN_SELF = YES;
				CLANG_WARN_OBJC_LITERAL_CONVERSION = YES;
				CLANG_WARN_OBJC_ROOT_CLASS = YES_ERROR;
				CLANG_WARN_QUOTED_INCLUDE_IN_FRAMEWORK_HEADER = YES;
				CLANG_WARN_RANGE_LOOP_ANALYSIS = YES;
				CLANG_WARN_STRICT_PROTOTYPES = YES;
				CLANG_WARN_SUSPICIOUS_MOVE = YES;
				CLANG_WARN_UNGUARDED_AVAILABILITY = YES_AGGRESSIVE;
				CLANG_WARN_UNREACHABLE_CODE = YES;
				CLANG_WARN__DUPLICATE_METHOD_MATCH = YES;
				COPY_PHASE_STRIP = NO;
				DEBUG_INFORMATION_FORMAT = dwarf;
				ENABLE_STRICT_OBJC_MSGSEND = YES;
				ENABLE_TESTABILITY = YES;
				GCC_C_LANGUAGE_STANDARD = gnu11;
				GCC_DYNAMIC_NO_PIC = NO;
				GCC_NO_COMMON_BLOCKS = YES;
				GCC_OPTIMIZATION_LEVEL = 0;
				GCC_PREPROCESSOR_DEFINITIONS = (
					"DEBUG=1",
					"$(inherited)",
				);
				GCC_WARN_64_TO_32_BIT_CONVERSION = YES;
				GCC_WARN_ABOUT_RETURN_TYPE = YES_ERROR;
				GCC_WARN_UNDECLARED_SELECTOR = YES;
				GCC_WARN_UNINITIALIZED_AUTOS = YES_AGGRESSIVE;
				GCC_WARN_UNUSED_FUNCTION = YES;
				GCC_WARN_UNUSED_VARIABLE = YES;
				IPHONEOS_DEPLOYMENT_TARGET = 14.5;
				MTL_ENABLE_DEBUG_INFO = INCLUDE_SOURCE;
				MTL_FAST_MATH = YES;
				ONLY_ACTIVE_ARCH = YES;
				SDKROOT = iphoneos;
				SWIFT_ACTIVE_COMPILATION_CONDITIONS = DEBUG;
				SWIFT_OPTIMIZATION_LEVEL = "-Onone";
			};
			name = Debug;
		};
		4A0612D92809D0BF001AE9CB /* Release */ = {
			isa = XCBuildConfiguration;
			buildSettings = {
				ALWAYS_SEARCH_USER_PATHS = NO;
				CLANG_ANALYZER_NONNULL = YES;
				CLANG_ANALYZER_NUMBER_OBJECT_CONVERSION = YES_AGGRESSIVE;
				CLANG_CXX_LANGUAGE_STANDARD = "gnu++17";
				CLANG_CXX_LIBRARY = "libc++";
				CLANG_ENABLE_MODULES = YES;
				CLANG_ENABLE_OBJC_ARC = YES;
				CLANG_ENABLE_OBJC_WEAK = YES;
				CLANG_WARN_BLOCK_CAPTURE_AUTORELEASING = YES;
				CLANG_WARN_BOOL_CONVERSION = YES;
				CLANG_WARN_COMMA = YES;
				CLANG_WARN_CONSTANT_CONVERSION = YES;
				CLANG_WARN_DEPRECATED_OBJC_IMPLEMENTATIONS = YES;
				CLANG_WARN_DIRECT_OBJC_ISA_USAGE = YES_ERROR;
				CLANG_WARN_DOCUMENTATION_COMMENTS = YES;
				CLANG_WARN_EMPTY_BODY = YES;
				CLANG_WARN_ENUM_CONVERSION = YES;
				CLANG_WARN_INFINITE_RECURSION = YES;
				CLANG_WARN_INT_CONVERSION = YES;
				CLANG_WARN_NON_LITERAL_NULL_CONVERSION = YES;
				CLANG_WARN_OBJC_IMPLICIT_RETAIN_SELF = YES;
				CLANG_WARN_OBJC_LITERAL_CONVERSION = YES;
				CLANG_WARN_OBJC_ROOT_CLASS = YES_ERROR;
				CLANG_WARN_QUOTED_INCLUDE_IN_FRAMEWORK_HEADER = YES;
				CLANG_WARN_RANGE_LOOP_ANALYSIS = YES;
				CLANG_WARN_STRICT_PROTOTYPES = YES;
				CLANG_WARN_SUSPICIOUS_MOVE = YES;
				CLANG_WARN_UNGUARDED_AVAILABILITY = YES_AGGRESSIVE;
				CLANG_WARN_UNREACHABLE_CODE = YES;
				CLANG_WARN__DUPLICATE_METHOD_MATCH = YES;
				COPY_PHASE_STRIP = NO;
				DEBUG_INFORMATION_FORMAT = "dwarf-with-dsym";
				ENABLE_NS_ASSERTIONS = NO;
				ENABLE_STRICT_OBJC_MSGSEND = YES;
				GCC_C_LANGUAGE_STANDARD = gnu11;
				GCC_NO_COMMON_BLOCKS = YES;
				GCC_WARN_64_TO_32_BIT_CONVERSION = YES;
				GCC_WARN_ABOUT_RETURN_TYPE = YES_ERROR;
				GCC_WARN_UNDECLARED_SELECTOR = YES;
				GCC_WARN_UNINITIALIZED_AUTOS = YES_AGGRESSIVE;
				GCC_WARN_UNUSED_FUNCTION = YES;
				GCC_WARN_UNUSED_VARIABLE = YES;
				IPHONEOS_DEPLOYMENT_TARGET = 14.5;
				MTL_ENABLE_DEBUG_INFO = NO;
				MTL_FAST_MATH = YES;
				SDKROOT = iphoneos;
				SWIFT_COMPILATION_MODE = wholemodule;
				SWIFT_OPTIMIZATION_LEVEL = "-O";
				VALIDATE_PRODUCT = YES;
			};
			name = Release;
		};
		4A0612DB2809D0BF001AE9CB /* Debug */ = {
			isa = XCBuildConfiguration;
			baseConfigurationReference = 9DE250B71E378140F27B322F /* Pods-Botalki.debug.xcconfig */;
			buildSettings = {
				ALWAYS_EMBED_SWIFT_STANDARD_LIBRARIES = YES;
				ASSETCATALOG_COMPILER_APPICON_NAME = AppIcon;
				ASSETCATALOG_COMPILER_GLOBAL_ACCENT_COLOR_NAME = AccentColor;
				CODE_SIGN_ENTITLEMENTS = Botalki/Botalki.entitlements;
				CODE_SIGN_IDENTITY = "Apple Development";
				CODE_SIGN_STYLE = Automatic;
				CURRENT_PROJECT_VERSION = 1;
				DEVELOPMENT_TEAM = Q9ZS8V8CB6;
				GENERATE_INFOPLIST_FILE = YES;
				INFOPLIST_FILE = Botalki/Info.plist;
				INFOPLIST_KEY_UIApplicationSupportsIndirectInputEvents = YES;
				INFOPLIST_KEY_UILaunchStoryboardName = LaunchScreen;
				INFOPLIST_KEY_UIMainStoryboardFile = Main;
				INFOPLIST_KEY_UISupportedInterfaceOrientations_iPad = "UIInterfaceOrientationPortrait UIInterfaceOrientationPortraitUpsideDown UIInterfaceOrientationLandscapeLeft UIInterfaceOrientationLandscapeRight";
				INFOPLIST_KEY_UISupportedInterfaceOrientations_iPhone = "UIInterfaceOrientationPortrait UIInterfaceOrientationLandscapeLeft UIInterfaceOrientationLandscapeRight";
				IPHONEOS_DEPLOYMENT_TARGET = 13.0;
				LD_RUNPATH_SEARCH_PATHS = (
					"$(inherited)",
					"@executable_path/Frameworks",
				);
				MARKETING_VERSION = 1.2;
				PRODUCT_BUNDLE_IDENTIFIER = sergeyNik.Botalki;
				PRODUCT_NAME = "$(TARGET_NAME)";
				PROVISIONING_PROFILE_SPECIFIER = "";
				SUPPORTS_MACCATALYST = NO;
				SUPPORTS_MAC_DESIGNED_FOR_IPHONE_IPAD = YES;
				SWIFT_EMIT_LOC_STRINGS = YES;
				SWIFT_VERSION = 5.0;
				TARGETED_DEVICE_FAMILY = "1,2";
			};
			name = Debug;
		};
		4A0612DC2809D0BF001AE9CB /* Release */ = {
			isa = XCBuildConfiguration;
			baseConfigurationReference = 7E087B526912455571B03B26 /* Pods-Botalki.release.xcconfig */;
			buildSettings = {
				ALWAYS_EMBED_SWIFT_STANDARD_LIBRARIES = YES;
				ASSETCATALOG_COMPILER_APPICON_NAME = AppIcon;
				ASSETCATALOG_COMPILER_GLOBAL_ACCENT_COLOR_NAME = AccentColor;
				CODE_SIGN_ENTITLEMENTS = Botalki/Botalki.entitlements;
				CODE_SIGN_IDENTITY = "Apple Development";
				CODE_SIGN_STYLE = Automatic;
				CURRENT_PROJECT_VERSION = 1;
				DEVELOPMENT_TEAM = Q9ZS8V8CB6;
				GENERATE_INFOPLIST_FILE = YES;
				INFOPLIST_FILE = Botalki/Info.plist;
				INFOPLIST_KEY_UIApplicationSupportsIndirectInputEvents = YES;
				INFOPLIST_KEY_UILaunchStoryboardName = LaunchScreen;
				INFOPLIST_KEY_UIMainStoryboardFile = Main;
				INFOPLIST_KEY_UISupportedInterfaceOrientations_iPad = "UIInterfaceOrientationPortrait UIInterfaceOrientationPortraitUpsideDown UIInterfaceOrientationLandscapeLeft UIInterfaceOrientationLandscapeRight";
				INFOPLIST_KEY_UISupportedInterfaceOrientations_iPhone = "UIInterfaceOrientationPortrait UIInterfaceOrientationLandscapeLeft UIInterfaceOrientationLandscapeRight";
				IPHONEOS_DEPLOYMENT_TARGET = 13.0;
				LD_RUNPATH_SEARCH_PATHS = (
					"$(inherited)",
					"@executable_path/Frameworks",
				);
				MARKETING_VERSION = 1.2;
				PRODUCT_BUNDLE_IDENTIFIER = sergeyNik.Botalki;
				PRODUCT_NAME = "$(TARGET_NAME)";
				PROVISIONING_PROFILE_SPECIFIER = "";
				SUPPORTS_MACCATALYST = NO;
				SUPPORTS_MAC_DESIGNED_FOR_IPHONE_IPAD = YES;
				SWIFT_EMIT_LOC_STRINGS = YES;
				SWIFT_VERSION = 5.0;
				TARGETED_DEVICE_FAMILY = "1,2";
			};
			name = Release;
		};
/* End XCBuildConfiguration section */

/* Begin XCConfigurationList section */
		4A0612C12809D0BB001AE9CB /* Build configuration list for PBXProject "Botalki" */ = {
			isa = XCConfigurationList;
			buildConfigurations = (
				4A0612D82809D0BF001AE9CB /* Debug */,
				4A0612D92809D0BF001AE9CB /* Release */,
			);
			defaultConfigurationIsVisible = 0;
			defaultConfigurationName = Release;
		};
		4A0612DA2809D0BF001AE9CB /* Build configuration list for PBXNativeTarget "Botalki" */ = {
			isa = XCConfigurationList;
			buildConfigurations = (
				4A0612DB2809D0BF001AE9CB /* Debug */,
				4A0612DC2809D0BF001AE9CB /* Release */,
			);
			defaultConfigurationIsVisible = 0;
			defaultConfigurationName = Release;
		};
/* End XCConfigurationList section */
	};
	rootObject = 4A0612BE2809D0BB001AE9CB /* Project object */;
}
