// !$*UTF8*$!
{
	archiveVersion = 1;
	classes = {
	};
	objectVersion = 55;
	objects = {

/* Begin PBXBuildFile section */
		4A0612CA2809D0BB001AE9CB /* AppDelegate.swift in Sources */ = {isa = PBXBuildFile; fileRef = 4A0612C92809D0BB001AE9CB /* AppDelegate.swift */; };
		4A0612CC2809D0BB001AE9CB /* SceneDelegate.swift in Sources */ = {isa = PBXBuildFile; fileRef = 4A0612CB2809D0BB001AE9CB /* SceneDelegate.swift */; };
		4A0612D12809D0BB001AE9CB /* Main.storyboard in Resources */ = {isa = PBXBuildFile; fileRef = 4A0612CF2809D0BB001AE9CB /* Main.storyboard */; };
		4A0612D32809D0BF001AE9CB /* Assets.xcassets in Resources */ = {isa = PBXBuildFile; fileRef = 4A0612D22809D0BF001AE9CB /* Assets.xcassets */; };
		4A0612D62809D0BF001AE9CB /* LaunchScreen.storyboard in Resources */ = {isa = PBXBuildFile; fileRef = 4A0612D42809D0BF001AE9CB /* LaunchScreen.storyboard */; };
		4A0612E22809D2BD001AE9CB /* PairFullCell.swift in Sources */ = {isa = PBXBuildFile; fileRef = 4A0612DD2809D2BD001AE9CB /* PairFullCell.swift */; };
		4A0612E32809D2BD001AE9CB /* PairTableViewCell.swift in Sources */ = {isa = PBXBuildFile; fileRef = 4A0612DE2809D2BD001AE9CB /* PairTableViewCell.swift */; };
		4A0612E42809D2BD001AE9CB /* dor.png in Resources */ = {isa = PBXBuildFile; fileRef = 4A0612DF2809D2BD001AE9CB /* dor.png */; };
		4A0612E52809D2BD001AE9CB /* MainViewController.swift in Sources */ = {isa = PBXBuildFile; fileRef = 4A0612E02809D2BD001AE9CB /* MainViewController.swift */; };
		4A0612E62809D2BD001AE9CB /* clock.png in Resources */ = {isa = PBXBuildFile; fileRef = 4A0612E12809D2BD001AE9CB /* clock.png */; };
		4A0612EA2809D67A001AE9CB /* PinLayout in Frameworks */ = {isa = PBXBuildFile; productRef = 4A0612E92809D67A001AE9CB /* PinLayout */; };
		4A0612EC2809D7F8001AE9CB /* City.swift in Sources */ = {isa = PBXBuildFile; fileRef = 4A0612EB2809D7F8001AE9CB /* City.swift */; };
/* End PBXBuildFile section */

/* Begin PBXFileReference section */
		4A0612C62809D0BB001AE9CB /* Botalki.app */ = {isa = PBXFileReference; explicitFileType = wrapper.application; includeInIndex = 0; path = Botalki.app; sourceTree = BUILT_PRODUCTS_DIR; };
		4A0612C92809D0BB001AE9CB /* AppDelegate.swift */ = {isa = PBXFileReference; lastKnownFileType = sourcecode.swift; path = AppDelegate.swift; sourceTree = "<group>"; };
		4A0612CB2809D0BB001AE9CB /* SceneDelegate.swift */ = {isa = PBXFileReference; lastKnownFileType = sourcecode.swift; path = SceneDelegate.swift; sourceTree = "<group>"; };
		4A0612D02809D0BB001AE9CB /* Base */ = {isa = PBXFileReference; lastKnownFileType = file.storyboard; name = Base; path = Base.lproj/Main.storyboard; sourceTree = "<group>"; };
		4A0612D22809D0BF001AE9CB /* Assets.xcassets */ = {isa = PBXFileReference; lastKnownFileType = folder.assetcatalog; path = Assets.xcassets; sourceTree = "<group>"; };
		4A0612D52809D0BF001AE9CB /* Base */ = {isa = PBXFileReference; lastKnownFileType = file.storyboard; name = Base; path = Base.lproj/LaunchScreen.storyboard; sourceTree = "<group>"; };
		4A0612D72809D0BF001AE9CB /* Info.plist */ = {isa = PBXFileReference; lastKnownFileType = text.plist.xml; path = Info.plist; sourceTree = "<group>"; };
		4A0612DD2809D2BD001AE9CB /* PairFullCell.swift */ = {isa = PBXFileReference; fileEncoding = 4; lastKnownFileType = sourcecode.swift; path = PairFullCell.swift; sourceTree = "<group>"; };
		4A0612DE2809D2BD001AE9CB /* PairTableViewCell.swift */ = {isa = PBXFileReference; fileEncoding = 4; lastKnownFileType = sourcecode.swift; path = PairTableViewCell.swift; sourceTree = "<group>"; };
		4A0612DF2809D2BD001AE9CB /* dor.png */ = {isa = PBXFileReference; lastKnownFileType = image.png; path = dor.png; sourceTree = "<group>"; };
		4A0612E02809D2BD001AE9CB /* MainViewController.swift */ = {isa = PBXFileReference; fileEncoding = 4; lastKnownFileType = sourcecode.swift; path = MainViewController.swift; sourceTree = "<group>"; };
		4A0612E12809D2BD001AE9CB /* clock.png */ = {isa = PBXFileReference; lastKnownFileType = image.png; path = clock.png; sourceTree = "<group>"; };
		4A0612EB2809D7F8001AE9CB /* City.swift */ = {isa = PBXFileReference; fileEncoding = 4; lastKnownFileType = sourcecode.swift; path = City.swift; sourceTree = "<group>"; };
/* End PBXFileReference section */

/* Begin PBXFrameworksBuildPhase section */
		4A0612C32809D0BB001AE9CB /* Frameworks */ = {
			isa = PBXFrameworksBuildPhase;
			buildActionMask = 2147483647;
			files = (
				4A0612EA2809D67A001AE9CB /* PinLayout in Frameworks */,
			);
			runOnlyForDeploymentPostprocessing = 0;
		};
/* End PBXFrameworksBuildPhase section */

/* Begin PBXGroup section */
		4A0612BD2809D0BB001AE9CB = {
			isa = PBXGroup;
			children = (
				4A0612C82809D0BB001AE9CB /* Botalki */,
				4A0612C72809D0BB001AE9CB /* Products */,
			);
			sourceTree = "<group>";
		};
		4A0612C72809D0BB001AE9CB /* Products */ = {
			isa = PBXGroup;
			children = (
				4A0612C62809D0BB001AE9CB /* Botalki.app */,
			);
			name = Products;
			sourceTree = "<group>";
		};
		4A0612C82809D0BB001AE9CB /* Botalki */ = {
			isa = PBXGroup;
			children = (
				4A0612EB2809D7F8001AE9CB /* City.swift */,
				4A0612E72809D2C5001AE9CB /* images */,
				4A0612E02809D2BD001AE9CB /* MainViewController.swift */,
				4A0612DD2809D2BD001AE9CB /* PairFullCell.swift */,
				4A0612DE2809D2BD001AE9CB /* PairTableViewCell.swift */,
				4A0612C92809D0BB001AE9CB /* AppDelegate.swift */,
				4A0612CB2809D0BB001AE9CB /* SceneDelegate.swift */,
				4A0612CF2809D0BB001AE9CB /* Main.storyboard */,
				4A0612D22809D0BF001AE9CB /* Assets.xcassets */,
				4A0612D42809D0BF001AE9CB /* LaunchScreen.storyboard */,
				4A0612D72809D0BF001AE9CB /* Info.plist */,
			);
			path = Botalki;
			sourceTree = "<group>";
		};
		4A0612E72809D2C5001AE9CB /* images */ = {
			isa = PBXGroup;
			children = (
				4A0612E12809D2BD001AE9CB /* clock.png */,
				4A0612DF2809D2BD001AE9CB /* dor.png */,
			);
			path = images;
			sourceTree = "<group>";
		};
/* End PBXGroup section */

/* Begin PBXNativeTarget section */
		4A0612C52809D0BB001AE9CB /* Botalki */ = {
			isa = PBXNativeTarget;
			buildConfigurationList = 4A0612DA2809D0BF001AE9CB /* Build configuration list for PBXNativeTarget "Botalki" */;
			buildPhases = (
				4A0612C22809D0BB001AE9CB /* Sources */,
				4A0612C32809D0BB001AE9CB /* Frameworks */,
				4A0612C42809D0BB001AE9CB /* Resources */,
			);
			buildRules = (
			);
			dependencies = (
			);
			name = Botalki;
			packageProductDependencies = (
				4A0612E92809D67A001AE9CB /* PinLayout */,
			);
			productName = Botalki;
			productReference = 4A0612C62809D0BB001AE9CB /* Botalki.app */;
			productType = "com.apple.product-type.application";
		};
/* End PBXNativeTarget section */

/* Begin PBXProject section */
		4A0612BE2809D0BB001AE9CB /* Project object */ = {
			isa = PBXProject;
			attributes = {
				BuildIndependentTargetsInParallel = 1;
				LastSwiftUpdateCheck = 1320;
				LastUpgradeCheck = 1320;
				TargetAttributes = {
					4A0612C52809D0BB001AE9CB = {
						CreatedOnToolsVersion = 13.2.1;
					};
				};
			};
			buildConfigurationList = 4A0612C12809D0BB001AE9CB /* Build configuration list for PBXProject "Botalki" */;
			compatibilityVersion = "Xcode 13.0";
			developmentRegion = en;
			hasScannedForEncodings = 0;
			knownRegions = (
				en,
				Base,
			);
			mainGroup = 4A0612BD2809D0BB001AE9CB;
			packageReferences = (
				4A0612E82809D67A001AE9CB /* XCRemoteSwiftPackageReference "PinLayout" */,
			);
			productRefGroup = 4A0612C72809D0BB001AE9CB /* Products */;
			projectDirPath = "";
			projectRoot = "";
			targets = (
				4A0612C52809D0BB001AE9CB /* Botalki */,
			);
		};
/* End PBXProject section */

/* Begin PBXResourcesBuildPhase section */
		4A0612C42809D0BB001AE9CB /* Resources */ = {
			isa = PBXResourcesBuildPhase;
			buildActionMask = 2147483647;
			files = (
				4A0612D62809D0BF001AE9CB /* LaunchScreen.storyboard in Resources */,
				4A0612E62809D2BD001AE9CB /* clock.png in Resources */,
				4A0612D32809D0BF001AE9CB /* Assets.xcassets in Resources */,
				4A0612D12809D0BB001AE9CB /* Main.storyboard in Resources */,
				4A0612E42809D2BD001AE9CB /* dor.png in Resources */,
			);
			runOnlyForDeploymentPostprocessing = 0;
		};
/* End PBXResourcesBuildPhase section */

/* Begin PBXSourcesBuildPhase section */
		4A0612C22809D0BB001AE9CB /* Sources */ = {
			isa = PBXSourcesBuildPhase;
			buildActionMask = 2147483647;
			files = (
				4A0612E32809D2BD001AE9CB /* PairTableViewCell.swift in Sources */,
				4A0612E22809D2BD001AE9CB /* PairFullCell.swift in Sources */,
				4A0612E52809D2BD001AE9CB /* MainViewController.swift in Sources */,
				4A0612CA2809D0BB001AE9CB /* AppDelegate.swift in Sources */,
				4A0612CC2809D0BB001AE9CB /* SceneDelegate.swift in Sources */,
				4A0612EC2809D7F8001AE9CB /* City.swift in Sources */,
			);
			runOnlyForDeploymentPostprocessing = 0;
		};
/* End PBXSourcesBuildPhase section */

/* Begin PBXVariantGroup section */
		4A0612CF2809D0BB001AE9CB /* Main.storyboard */ = {
			isa = PBXVariantGroup;
			children = (
				4A0612D02809D0BB001AE9CB /* Base */,
			);
			name = Main.storyboard;
			sourceTree = "<group>";
		};
		4A0612D42809D0BF001AE9CB /* LaunchScreen.storyboard */ = {
			isa = PBXVariantGroup;
			children = (
				4A0612D52809D0BF001AE9CB /* Base */,
			);
			name = LaunchScreen.storyboard;
			sourceTree = "<group>";
		};
/* End PBXVariantGroup section */

/* Begin XCBuildConfiguration section */
		4A0612D82809D0BF001AE9CB /* Debug */ = {
			isa = XCBuildConfiguration;
			buildSettings = {
				ALWAYS_SEARCH_USER_PATHS = NO;
				CLANG_ANALYZER_NONNULL = YES;
				CLANG_ANALYZER_NUMBER_OBJECT_CONVERSION = YES_AGGRESSIVE;
				CLANG_CXX_LANGUAGE_STANDARD = "gnu++17";
				CLANG_CXX_LIBRARY = "libc++";
				CLANG_ENABLE_MODULES = YES;
				CLANG_ENABLE_OBJC_ARC = YES;
				CLANG_ENABLE_OBJC_WEAK = YES;
				CLANG_WARN_BLOCK_CAPTURE_AUTORELEASING = YES;
				CLANG_WARN_BOOL_CONVERSION = YES;
				CLANG_WARN_COMMA = YES;
				CLANG_WARN_CONSTANT_CONVERSION = YES;
				CLANG_WARN_DEPRECATED_OBJC_IMPLEMENTATIONS = YES;
				CLANG_WARN_DIRECT_OBJC_ISA_USAGE = YES_ERROR;
				CLANG_WARN_DOCUMENTATION_COMMENTS = YES;
				CLANG_WARN_EMPTY_BODY = YES;
				CLANG_WARN_ENUM_CONVERSION = YES;
				CLANG_WARN_INFINITE_RECURSION = YES;
				CLANG_WARN_INT_CONVERSION = YES;
				CLANG_WARN_NON_LITERAL_NULL_CONVERSION = YES;
				CLANG_WARN_OBJC_IMPLICIT_RETAIN_SELF = YES;
				CLANG_WARN_OBJC_LITERAL_CONVERSION = YES;
				CLANG_WARN_OBJC_ROOT_CLASS = YES_ERROR;
				CLANG_WARN_QUOTED_INCLUDE_IN_FRAMEWORK_HEADER = YES;
				CLANG_WARN_RANGE_LOOP_ANALYSIS = YES;
				CLANG_WARN_STRICT_PROTOTYPES = YES;
				CLANG_WARN_SUSPICIOUS_MOVE = YES;
				CLANG_WARN_UNGUARDED_AVAILABILITY = YES_AGGRESSIVE;
				CLANG_WARN_UNREACHABLE_CODE = YES;
				CLANG_WARN__DUPLICATE_METHOD_MATCH = YES;
				COPY_PHASE_STRIP = NO;
				DEBUG_INFORMATION_FORMAT = dwarf;
				ENABLE_STRICT_OBJC_MSGSEND = YES;
				ENABLE_TESTABILITY = YES;
				GCC_C_LANGUAGE_STANDARD = gnu11;
				GCC_DYNAMIC_NO_PIC = NO;
				GCC_NO_COMMON_BLOCKS = YES;
				GCC_OPTIMIZATION_LEVEL = 0;
				GCC_PREPROCESSOR_DEFINITIONS = (
					"DEBUG=1",
					"$(inherited)",
				);
				GCC_WARN_64_TO_32_BIT_CONVERSION = YES;
				GCC_WARN_ABOUT_RETURN_TYPE = YES_ERROR;
				GCC_WARN_UNDECLARED_SELECTOR = YES;
				GCC_WARN_UNINITIALIZED_AUTOS = YES_AGGRESSIVE;
				GCC_WARN_UNUSED_FUNCTION = YES;
				GCC_WARN_UNUSED_VARIABLE = YES;
				IPHONEOS_DEPLOYMENT_TARGET = 15.2;
				MTL_ENABLE_DEBUG_INFO = INCLUDE_SOURCE;
				MTL_FAST_MATH = YES;
				ONLY_ACTIVE_ARCH = YES;
				SDKROOT = iphoneos;
				SWIFT_ACTIVE_COMPILATION_CONDITIONS = DEBUG;
				SWIFT_OPTIMIZATION_LEVEL = "-Onone";
			};
			name = Debug;
		};
		4A0612D92809D0BF001AE9CB /* Release */ = {
			isa = XCBuildConfiguration;
			buildSettings = {
				ALWAYS_SEARCH_USER_PATHS = NO;
				CLANG_ANALYZER_NONNULL = YES;
				CLANG_ANALYZER_NUMBER_OBJECT_CONVERSION = YES_AGGRESSIVE;
				CLANG_CXX_LANGUAGE_STANDARD = "gnu++17";
				CLANG_CXX_LIBRARY = "libc++";
				CLANG_ENABLE_MODULES = YES;
				CLANG_ENABLE_OBJC_ARC = YES;
				CLANG_ENABLE_OBJC_WEAK = YES;
				CLANG_WARN_BLOCK_CAPTURE_AUTORELEASING = YES;
				CLANG_WARN_BOOL_CONVERSION = YES;
				CLANG_WARN_COMMA = YES;
				CLANG_WARN_CONSTANT_CONVERSION = YES;
				CLANG_WARN_DEPRECATED_OBJC_IMPLEMENTATIONS = YES;
				CLANG_WARN_DIRECT_OBJC_ISA_USAGE = YES_ERROR;
				CLANG_WARN_DOCUMENTATION_COMMENTS = YES;
				CLANG_WARN_EMPTY_BODY = YES;
				CLANG_WARN_ENUM_CONVERSION = YES;
				CLANG_WARN_INFINITE_RECURSION = YES;
				CLANG_WARN_INT_CONVERSION = YES;
				CLANG_WARN_NON_LITERAL_NULL_CONVERSION = YES;
				CLANG_WARN_OBJC_IMPLICIT_RETAIN_SELF = YES;
				CLANG_WARN_OBJC_LITERAL_CONVERSION = YES;
				CLANG_WARN_OBJC_ROOT_CLASS = YES_ERROR;
				CLANG_WARN_QUOTED_INCLUDE_IN_FRAMEWORK_HEADER = YES;
				CLANG_WARN_RANGE_LOOP_ANALYSIS = YES;
				CLANG_WARN_STRICT_PROTOTYPES = YES;
				CLANG_WARN_SUSPICIOUS_MOVE = YES;
				CLANG_WARN_UNGUARDED_AVAILABILITY = YES_AGGRESSIVE;
				CLANG_WARN_UNREACHABLE_CODE = YES;
				CLANG_WARN__DUPLICATE_METHOD_MATCH = YES;
				COPY_PHASE_STRIP = NO;
				DEBUG_INFORMATION_FORMAT = "dwarf-with-dsym";
				ENABLE_NS_ASSERTIONS = NO;
				ENABLE_STRICT_OBJC_MSGSEND = YES;
				GCC_C_LANGUAGE_STANDARD = gnu11;
				GCC_NO_COMMON_BLOCKS = YES;
				GCC_WARN_64_TO_32_BIT_CONVERSION = YES;
				GCC_WARN_ABOUT_RETURN_TYPE = YES_ERROR;
				GCC_WARN_UNDECLARED_SELECTOR = YES;
				GCC_WARN_UNINITIALIZED_AUTOS = YES_AGGRESSIVE;
				GCC_WARN_UNUSED_FUNCTION = YES;
				GCC_WARN_UNUSED_VARIABLE = YES;
				IPHONEOS_DEPLOYMENT_TARGET = 15.2;
				MTL_ENABLE_DEBUG_INFO = NO;
				MTL_FAST_MATH = YES;
				SDKROOT = iphoneos;
				SWIFT_COMPILATION_MODE = wholemodule;
				SWIFT_OPTIMIZATION_LEVEL = "-O";
				VALIDATE_PRODUCT = YES;
			};
			name = Release;
		};
		4A0612DB2809D0BF001AE9CB /* Debug */ = {
			isa = XCBuildConfiguration;
			buildSettings = {
				ASSETCATALOG_COMPILER_APPICON_NAME = AppIcon;
				ASSETCATALOG_COMPILER_GLOBAL_ACCENT_COLOR_NAME = AccentColor;
				CODE_SIGN_STYLE = Automatic;
				CURRENT_PROJECT_VERSION = 1;
				DEVELOPMENT_TEAM = QK9Y4P3VFS;
				GENERATE_INFOPLIST_FILE = YES;
				INFOPLIST_FILE = Botalki/Info.plist;
				INFOPLIST_KEY_UIApplicationSupportsIndirectInputEvents = YES;
				INFOPLIST_KEY_UILaunchStoryboardName = LaunchScreen;
				INFOPLIST_KEY_UIMainStoryboardFile = Main;
				INFOPLIST_KEY_UISupportedInterfaceOrientations_iPad = "UIInterfaceOrientationPortrait UIInterfaceOrientationPortraitUpsideDown UIInterfaceOrientationLandscapeLeft UIInterfaceOrientationLandscapeRight";
				INFOPLIST_KEY_UISupportedInterfaceOrientations_iPhone = "UIInterfaceOrientationPortrait UIInterfaceOrientationLandscapeLeft UIInterfaceOrientationLandscapeRight";
				LD_RUNPATH_SEARCH_PATHS = (
					"$(inherited)",
					"@executable_path/Frameworks",
				);
				MARKETING_VERSION = 1.0;
				PRODUCT_BUNDLE_IDENTIFIER = poliorang.Botalki;
				PRODUCT_NAME = "$(TARGET_NAME)";
				SWIFT_EMIT_LOC_STRINGS = YES;
				SWIFT_VERSION = 5.0;
				TARGETED_DEVICE_FAMILY = "1,2";
			};
			name = Debug;
		};
		4A0612DC2809D0BF001AE9CB /* Release */ = {
			isa = XCBuildConfiguration;
			buildSettings = {
				ASSETCATALOG_COMPILER_APPICON_NAME = AppIcon;
				ASSETCATALOG_COMPILER_GLOBAL_ACCENT_COLOR_NAME = AccentColor;
				CODE_SIGN_STYLE = Automatic;
				CURRENT_PROJECT_VERSION = 1;
				DEVELOPMENT_TEAM = QK9Y4P3VFS;
				GENERATE_INFOPLIST_FILE = YES;
				INFOPLIST_FILE = Botalki/Info.plist;
				INFOPLIST_KEY_UIApplicationSupportsIndirectInputEvents = YES;
				INFOPLIST_KEY_UILaunchStoryboardName = LaunchScreen;
				INFOPLIST_KEY_UIMainStoryboardFile = Main;
				INFOPLIST_KEY_UISupportedInterfaceOrientations_iPad = "UIInterfaceOrientationPortrait UIInterfaceOrientationPortraitUpsideDown UIInterfaceOrientationLandscapeLeft UIInterfaceOrientationLandscapeRight";
				INFOPLIST_KEY_UISupportedInterfaceOrientations_iPhone = "UIInterfaceOrientationPortrait UIInterfaceOrientationLandscapeLeft UIInterfaceOrientationLandscapeRight";
				LD_RUNPATH_SEARCH_PATHS = (
					"$(inherited)",
					"@executable_path/Frameworks",
				);
				MARKETING_VERSION = 1.0;
				PRODUCT_BUNDLE_IDENTIFIER = poliorang.Botalki;
				PRODUCT_NAME = "$(TARGET_NAME)";
				SWIFT_EMIT_LOC_STRINGS = YES;
				SWIFT_VERSION = 5.0;
				TARGETED_DEVICE_FAMILY = "1,2";
			};
			name = Release;
		};
/* End XCBuildConfiguration section */

/* Begin XCConfigurationList section */
		4A0612C12809D0BB001AE9CB /* Build configuration list for PBXProject "Botalki" */ = {
			isa = XCConfigurationList;
			buildConfigurations = (
				4A0612D82809D0BF001AE9CB /* Debug */,
				4A0612D92809D0BF001AE9CB /* Release */,
			);
			defaultConfigurationIsVisible = 0;
			defaultConfigurationName = Release;
		};
		4A0612DA2809D0BF001AE9CB /* Build configuration list for PBXNativeTarget "Botalki" */ = {
			isa = XCConfigurationList;
			buildConfigurations = (
				4A0612DB2809D0BF001AE9CB /* Debug */,
				4A0612DC2809D0BF001AE9CB /* Release */,
			);
			defaultConfigurationIsVisible = 0;
			defaultConfigurationName = Release;
		};
/* End XCConfigurationList section */

/* Begin XCRemoteSwiftPackageReference section */
		4A0612E82809D67A001AE9CB /* XCRemoteSwiftPackageReference "PinLayout" */ = {
			isa = XCRemoteSwiftPackageReference;
			repositoryURL = "https://github.com/layoutBox/PinLayout";
			requirement = {
				branch = master;
				kind = branch;
			};
		};
/* End XCRemoteSwiftPackageReference section */

/* Begin XCSwiftPackageProductDependency section */
		4A0612E92809D67A001AE9CB /* PinLayout */ = {
			isa = XCSwiftPackageProductDependency;
			package = 4A0612E82809D67A001AE9CB /* XCRemoteSwiftPackageReference "PinLayout" */;
			productName = PinLayout;
		};
/* End XCSwiftPackageProductDependency section */
	};
	rootObject = 4A0612BE2809D0BB001AE9CB /* Project object */;
}
